
Microsoft Visual Studio Solution File, Format Version 12.00
# Visual Studio 14
VisualStudioVersion = 14.0.25420.1
MinimumVisualStudioVersion = 10.0.40219.1
Project("{FAE04EC0-301F-11D3-BF4B-00C04F79EFBC}") = "MapPlotApplication", "MapPlotApplication\MapPlotApplication.csproj", "{1EAF2FCC-E714-4D84-A703-2A4BA7FD47F1}"
EndProject
Project("{FAE04EC0-301F-11D3-BF4B-00C04F79EFBC}") = "MapPlotApplication.Tests", "MapPlotApplication.Tests\MapPlotApplication.Tests.csproj", "{763F7E76-E9DC-47C6-B9CA-C4FF31CD698E}"
EndProject
Global
	GlobalSection(SolutionConfigurationPlatforms) = preSolution
		Debug|Any CPU = Debug|Any CPU
		Release|Any CPU = Release|Any CPU
	EndGlobalSection
	GlobalSection(ProjectConfigurationPlatforms) = postSolution
		{1EAF2FCC-E714-4D84-A703-2A4BA7FD47F1}.Debug|Any CPU.ActiveCfg = Debug|Any CPU
		{1EAF2FCC-E714-4D84-A703-2A4BA7FD47F1}.Debug|Any CPU.Build.0 = Debug|Any CPU
		{1EAF2FCC-E714-4D84-A703-2A4BA7FD47F1}.Release|Any CPU.ActiveCfg = Release|Any CPU
		{1EAF2FCC-E714-4D84-A703-2A4BA7FD47F1}.Release|Any CPU.Build.0 = Release|Any CPU
		{763F7E76-E9DC-47C6-B9CA-C4FF31CD698E}.Debug|Any CPU.ActiveCfg = Debug|Any CPU
		{763F7E76-E9DC-47C6-B9CA-C4FF31CD698E}.Debug|Any CPU.Build.0 = Debug|Any CPU
		{763F7E76-E9DC-47C6-B9CA-C4FF31CD698E}.Release|Any CPU.ActiveCfg = Release|Any CPU
		{763F7E76-E9DC-47C6-B9CA-C4FF31CD698E}.Release|Any CPU.Build.0 = Release|Any CPU
	EndGlobalSection
	GlobalSection(SolutionProperties) = preSolution
		HideSolutionNode = FALSE
	EndGlobalSection
EndGlobal
